{
  "name": "cicd",
  "version": "1.0.0",
  "lockfileVersion": 3,
  "requires": true,
  "packages": {
    "": {
      "name": "cicd",
      "version": "1.0.0",
      "license": "ISC",
      "dependencies": {
        "@pristine-ts/cli": "^0.0.366",
        "@pristine-ts/common": "^0.0.366",
        "@pristine-ts/core": "^0.0.366",
        "@pristine-ts/file": "^0.0.366",
        "tsyringe": "^4.8.0"
      }
    },
    "node_modules/@babel/runtime": {
      "version": "7.26.9",
      "resolved": "https://registry.npmjs.org/@babel/runtime/-/runtime-7.26.9.tgz",
      "integrity": "sha512-aA63XwOkcl4xxQa3HjPMqOP6LiK0ZDv3mUPYEFXkpHbaFjtGggE1A61FjFzJnB+p7/oy2gA8E+rcBNl/zC1tMg==",
      "license": "MIT",
      "dependencies": {
        "regenerator-runtime": "^0.14.0"
      },
      "engines": {
        "node": ">=6.9.0"
      }
    },
    "node_modules/@pristine-ts/class-validator": {
      "version": "2.0.4",
      "resolved": "https://registry.npmjs.org/@pristine-ts/class-validator/-/class-validator-2.0.4.tgz",
      "integrity": "sha512-NLmJIErR0R1GKthjCbQpscXAvCXyI0hMr7Jqb/y0kxwgQaeuQNY+pkCATeYKVr1iMrgNlF3z2YgWgtMoP6I0Sw==",
      "license": "ISC",
      "dependencies": {
        "@pristine-ts/metadata": "^1.0.13",
        "date-fns": "^3.6.0",
        "libphonenumber-js": "^1.11.3",
        "reflect-metadata": "^0.2.2",
        "validator": "^13.12.0"
      }
    },
    "node_modules/@pristine-ts/class-validator/node_modules/reflect-metadata": {
      "version": "0.2.2",
      "resolved": "https://registry.npmjs.org/reflect-metadata/-/reflect-metadata-0.2.2.tgz",
      "integrity": "sha512-urBwgfrvVP/eAyXx4hluJivBKzuEbSQs9rKWCrCkbSxNv8mxPcUZKeuoF3Uy4mJl3Lwprp6yy5/39VWigZ4K6Q==",
      "license": "Apache-2.0"
    },
    "node_modules/@pristine-ts/cli": {
      "version": "0.0.366",
      "resolved": "https://registry.npmjs.org/@pristine-ts/cli/-/cli-0.0.366.tgz",
      "integrity": "sha512-8XFHo6Iur/QU9SbdiKdb4cKRQEMYBtr7hZPzkKwLji4yAM+QsoGOFfaU9cup5lCAIUt46RBGDQPjIV3ZpthtxA==",
      "license": "ISC",
      "dependencies": {
        "@pristine-ts/common": "^0.0.366",
        "@pristine-ts/core": "^0.0.366",
        "@pristine-ts/data-mapping": "^0.0.366",
        "@pristine-ts/data-mapping-common": "^0.0.366",
        "@pristine-ts/file": "^0.0.366",
        "@pristine-ts/logging": "^0.0.366",
        "@pristine-ts/validation": "^0.0.366",
        "class-transformer": "^0.5.1"
      },
      "bin": {
        "pristine": "dist/lib/cjs/bin.js"
      }
    },
    "node_modules/@pristine-ts/common": {
      "version": "0.0.366",
      "resolved": "https://registry.npmjs.org/@pristine-ts/common/-/common-0.0.366.tgz",
      "integrity": "sha512-ty+T1Q5L71+DSyP/n1ZlGJTzLnaC5aji/jE2oGIQsOwCesW1wLLp+hWieFTp3uA+7oRPwlaUmHtuHAnxHMeb0A==",
      "license": "ISC",
      "dependencies": {
        "@pristine-ts/metadata": "^1.0.16",
        "reflect-metadata": "^0.1.13",
        "tsyringe": "^4.8.0"
      }
    },
    "node_modules/@pristine-ts/configuration": {
      "version": "0.0.366",
      "resolved": "https://registry.npmjs.org/@pristine-ts/configuration/-/configuration-0.0.366.tgz",
      "integrity": "sha512-GYN33w+OteC2WMGGwPh+ANBOhOIieRVPJ6tvqLLx57CvBoZ2G2ZzMJCB4lNHh3dwXkHt7EXkwxunwV8QfrWWyw==",
      "license": "ISC",
      "dependencies": {
        "@pristine-ts/common": "^0.0.366"
      }
    },
    "node_modules/@pristine-ts/core": {
      "version": "0.0.366",
      "resolved": "https://registry.npmjs.org/@pristine-ts/core/-/core-0.0.366.tgz",
      "integrity": "sha512-CyNfE5UuGVdBAK5M7FMfDSV32L/LJ6cKioZj4vz14o79yRjNaqSjUyxWix7DE7V/nOSFwGTdgmGkyNZLInv4LQ==",
      "license": "ISC",
      "dependencies": {
        "@pristine-ts/common": "^0.0.366",
        "@pristine-ts/configuration": "^0.0.366",
        "@pristine-ts/logging": "^0.0.366",
        "@pristine-ts/security": "^0.0.366",
        "@pristine-ts/telemetry": "^0.0.366",
        "uuid": "^9.0.1"
      }
    },
    "node_modules/@pristine-ts/data-mapping": {
      "version": "0.0.366",
      "resolved": "https://registry.npmjs.org/@pristine-ts/data-mapping/-/data-mapping-0.0.366.tgz",
      "integrity": "sha512-yfAPesEehYrCXunfKhUmUHBvgXUaNskAWL7sjLFVCqXklG1B4IRJuOub+L0RR6oPt3bdkXkIHM7ji3YIHCNy4Q==",
      "license": "ISC",
      "dependencies": {
        "@pristine-ts/common": "^0.0.366",
        "@pristine-ts/data-mapping-common": "^0.0.366",
        "@pristine-ts/logging": "^0.0.366",
        "@pristine-ts/metadata": "^1.0.16",
        "class-transformer": "^0.5.1",
        "date-fns": "^3.3.1",
        "tsyringe": "^4.8.0"
      }
    },
    "node_modules/@pristine-ts/data-mapping-common": {
      "version": "0.0.366",
      "resolved": "https://registry.npmjs.org/@pristine-ts/data-mapping-common/-/data-mapping-common-0.0.366.tgz",
      "integrity": "sha512-jIrtjRRHA2V94uvNDbGR5Es+jk9d/cgjm8B0/fEOzg2PN0zoaWzwnvxHyZydy3HR2o/Y874kpi/R0rXOXS2NHg==",
      "license": "ISC",
      "dependencies": {
        "@pristine-ts/class-validator": "^2.0.4",
        "@pristine-ts/metadata": "^1.0.16",
        "class-transformer": "^0.5.1",
        "date-fns": "^3.3.1"
      }
    },
    "node_modules/@pristine-ts/file": {
      "version": "0.0.366",
      "resolved": "https://registry.npmjs.org/@pristine-ts/file/-/file-0.0.366.tgz",
      "integrity": "sha512-ZlYqUr5BBwIdw1cXR9biQOJ0ASurjtYN2fNVGlEUbGTPcU4XS4mws6raykhca6Obr7aq1PeYtFoyLRMzt0HL5Q==",
      "license": "ISC",
      "dependencies": {
        "@pristine-ts/class-validator": "^2.0.4",
        "@pristine-ts/common": "^0.0.366",
        "@pristine-ts/configuration": "^0.0.366",
        "@pristine-ts/data-mapping": "^0.0.366",
        "@pristine-ts/data-mapping-common": "^0.0.366"
      }
    },
    "node_modules/@pristine-ts/logging": {
      "version": "0.0.366",
      "resolved": "https://registry.npmjs.org/@pristine-ts/logging/-/logging-0.0.366.tgz",
      "integrity": "sha512-DWjh7lThZ2Juzgk3sGelq6svoWtEnZQfL/FIX9C1YknbV8QK3eFqRPy8MCFiHshsp+lAk1HiRdo25feYzrH95Q==",
      "license": "ISC",
      "dependencies": {
        "@pristine-ts/common": "^0.0.366",
        "@pristine-ts/configuration": "^0.0.366",
        "date-fns": "^2.30.0"
      }
    },
    "node_modules/@pristine-ts/logging/node_modules/date-fns": {
      "version": "2.30.0",
      "resolved": "https://registry.npmjs.org/date-fns/-/date-fns-2.30.0.tgz",
      "integrity": "sha512-fnULvOpxnC5/Vg3NCiWelDsLiUc9bRwAPs/+LfTLNvetFCtCTN+yQz15C/fs4AwX1R9K5GLtLfn8QW+dWisaAw==",
      "license": "MIT",
      "dependencies": {
        "@babel/runtime": "^7.21.0"
      },
      "engines": {
        "node": ">=0.11"
      },
      "funding": {
        "type": "opencollective",
        "url": "https://opencollective.com/date-fns"
      }
    },
    "node_modules/@pristine-ts/metadata": {
      "version": "1.0.16",
      "resolved": "https://registry.npmjs.org/@pristine-ts/metadata/-/metadata-1.0.16.tgz",
      "integrity": "sha512-Fm/oAp5KYdq0ldIzwu4EiiNRcVidK01mS+75e4urAKmF9ZN2fHwuXjvURi9J2Ge+vIocoiErLmOXSK2HcB3RYg==",
      "license": "ISC",
      "dependencies": {
        "reflect-metadata": "^0.2.1"
      }
    },
    "node_modules/@pristine-ts/metadata/node_modules/reflect-metadata": {
      "version": "0.2.2",
      "resolved": "https://registry.npmjs.org/reflect-metadata/-/reflect-metadata-0.2.2.tgz",
      "integrity": "sha512-urBwgfrvVP/eAyXx4hluJivBKzuEbSQs9rKWCrCkbSxNv8mxPcUZKeuoF3Uy4mJl3Lwprp6yy5/39VWigZ4K6Q==",
      "license": "Apache-2.0"
    },
    "node_modules/@pristine-ts/networking": {
      "version": "0.0.366",
      "resolved": "https://registry.npmjs.org/@pristine-ts/networking/-/networking-0.0.366.tgz",
      "integrity": "sha512-KLHoa02T5P90l+GxmXWMgAXNmLb0TgywVo0uqryT00pOTfJF05/IzI7/dOyMipezxRQUOxBqKuXoW9LLPg3f0Q==",
      "license": "ISC",
      "dependencies": {
        "@pristine-ts/common": "^0.0.366",
        "@pristine-ts/core": "^0.0.366",
        "@pristine-ts/data-mapping": "^0.0.366",
        "@pristine-ts/metadata": "^1.0.16",
        "@pristine-ts/security": "^0.0.366",
        "@pristine-ts/telemetry": "^0.0.366",
        "lodash": "^4.17.21"
      }
    },
    "node_modules/@pristine-ts/security": {
      "version": "0.0.366",
      "resolved": "https://registry.npmjs.org/@pristine-ts/security/-/security-0.0.366.tgz",
      "integrity": "sha512-zGqqUCUP6k1irUJSLIOziErVDvu7y3yYP/Y34qA/40rIxfto0ma8ySV80meAG8mlhgq4H3oVCCKZ2H7vkpkT1g==",
      "license": "ISC",
      "dependencies": {
        "@pristine-ts/common": "^0.0.366",
        "@pristine-ts/logging": "^0.0.366"
      }
    },
    "node_modules/@pristine-ts/telemetry": {
      "version": "0.0.366",
      "resolved": "https://registry.npmjs.org/@pristine-ts/telemetry/-/telemetry-0.0.366.tgz",
      "integrity": "sha512-Z1FUP8eJrafEafkEYyHjptTpqVVOqgSbZDzb0DqLUwVK5VXxUVj+4aymKQUpVVSJiWWd340TpEQuJtXM4+aFRA==",
      "license": "ISC",
      "dependencies": {
        "@pristine-ts/common": "^0.0.366",
        "@pristine-ts/logging": "^0.0.366",
        "uuid": "^9.0.1"
      }
    },
    "node_modules/@pristine-ts/validation": {
      "version": "0.0.366",
      "resolved": "https://registry.npmjs.org/@pristine-ts/validation/-/validation-0.0.366.tgz",
      "integrity": "sha512-ICx8xyDtZik+Tu72aeowvMxCN3/eF8Mp5LGoKjg0vXT7jg7hWflRcmL9+sLiC4liLgszorX59oelW3GC0Kiaew==",
      "license": "ISC",
      "dependencies": {
        "@pristine-ts/class-validator": "^2.0.4",
        "@pristine-ts/common": "^0.0.366",
        "@pristine-ts/core": "^0.0.366",
        "@pristine-ts/data-mapping": "^0.0.366",
        "@pristine-ts/networking": "^0.0.366"
      }
    },
    "node_modules/class-transformer": {
      "version": "0.5.1",
      "resolved": "https://registry.npmjs.org/class-transformer/-/class-transformer-0.5.1.tgz",
      "integrity": "sha512-SQa1Ws6hUbfC98vKGxZH3KFY0Y1lm5Zm0SY8XX9zbK7FJCyVEac3ATW0RIpwzW+oOfmHE5PMPufDG9hCfoEOMw==",
      "license": "MIT"
    },
    "node_modules/date-fns": {
      "version": "3.6.0",
      "resolved": "https://registry.npmjs.org/date-fns/-/date-fns-3.6.0.tgz",
      "integrity": "sha512-fRHTG8g/Gif+kSh50gaGEdToemgfj74aRX3swtiouboip5JDLAyDE9F11nHMIcvOaXeOC6D7SpNhi7uFyB7Uww==",
      "license": "MIT",
      "funding": {
        "type": "github",
        "url": "https://github.com/sponsors/kossnocorp"
      }
    },
    "node_modules/libphonenumber-js": {
      "version": "1.11.20",
      "resolved": "https://registry.npmjs.org/libphonenumber-js/-/libphonenumber-js-1.11.20.tgz",
      "integrity": "sha512-/ipwAMvtSZRdiQBHqW1qxqeYiBMzncOQLVA+62MWYr7N4m7Q2jqpJ0WgT7zlOEOpyLRSqrMXidbJpC0J77AaKA==",
      "license": "MIT"
    },
    "node_modules/lodash": {
      "version": "4.17.21",
      "resolved": "https://registry.npmjs.org/lodash/-/lodash-4.17.21.tgz",
      "integrity": "sha512-v2kDEe57lecTulaDIuNTPy3Ry4gLGJ6Z1O3vE1krgXZNrsQ+LFTGHVxVjcXPs17LhbZVGedAJv8XZ1tvj5FvSg==",
      "license": "MIT"
    },
    "node_modules/reflect-metadata": {
      "version": "0.1.14",
      "resolved": "https://registry.npmjs.org/reflect-metadata/-/reflect-metadata-0.1.14.tgz",
      "integrity": "sha512-ZhYeb6nRaXCfhnndflDK8qI6ZQ/YcWZCISRAWICW9XYqMUwjZM9Z0DveWX/ABN01oxSHwVxKQmxeYZSsm0jh5A==",
      "license": "Apache-2.0"
    },
    "node_modules/regenerator-runtime": {
      "version": "0.14.1",
      "resolved": "https://registry.npmjs.org/regenerator-runtime/-/regenerator-runtime-0.14.1.tgz",
      "integrity": "sha512-dYnhHh0nJoMfnkZs6GmmhFknAGRrLznOu5nc9ML+EJxGvrx6H7teuevqVqCuPcPK//3eDrrjQhehXVx9cnkGdw==",
      "license": "MIT"
    },
    "node_modules/tslib": {
      "version": "1.14.1",
      "resolved": "https://registry.npmjs.org/tslib/-/tslib-1.14.1.tgz",
      "integrity": "sha512-Xni35NKzjgMrwevysHTCArtLDpPvye8zV/0E4EyYn43P7/7qvQwPh9BGkHewbMulVntbigmcT7rdX3BNo9wRJg==",
      "license": "0BSD"
    },
    "node_modules/tsyringe": {
      "version": "4.8.0",
      "resolved": "https://registry.npmjs.org/tsyringe/-/tsyringe-4.8.0.tgz",
      "integrity": "sha512-YB1FG+axdxADa3ncEtRnQCFq/M0lALGLxSZeVNbTU8NqhOVc51nnv2CISTcvc1kyv6EGPtXVr0v6lWeDxiijOA==",
      "license": "MIT",
      "dependencies": {
        "tslib": "^1.9.3"
      },
      "engines": {
        "node": ">= 6.0.0"
      }
    },
    "node_modules/uuid": {
      "version": "9.0.1",
      "resolved": "https://registry.npmjs.org/uuid/-/uuid-9.0.1.tgz",
      "integrity": "sha512-b+1eJOlsR9K8HJpow9Ok3fiWOWSIcIzXodvv0rQjVoOVNpWMpxf1wZNpt4y9h10odCNrqnYp1OBzRktckBe3sA==",
      "funding": [
        "https://github.com/sponsors/broofa",
        "https://github.com/sponsors/ctavan"
      ],
      "license": "MIT",
      "bin": {
        "uuid": "dist/bin/uuid"
      }
    },
    "node_modules/validator": {
      "version": "13.12.0",
      "resolved": "https://registry.npmjs.org/validator/-/validator-13.12.0.tgz",
      "integrity": "sha512-c1Q0mCiPlgdTVVVIJIrBuxNicYE+t/7oKeI9MWLj3fh/uq2Pxh/3eeWbVZ4OcGW1TUf53At0njHw5SMdA3tmMg==",
      "license": "MIT",
      "engines": {
        "node": ">= 0.10"
      }
    }
  }
}
